
Microsoft Visual Studio Solution File, Format Version 12.00
# Visual Studio Version 17
VisualStudioVersion = 17.3.32901.215
MinimumVisualStudioVersion = 10.0.40219.1
Project("{FAE04EC0-301F-11D3-BF4B-00C04F79EFBC}") = "Sql_SP", "Sql_SP\Sql_SP.csproj", "{7A1C9332-648E-48EB-AA37-353531877718}"
EndProject
Global
	GlobalSection(SolutionConfigurationPlatforms) = preSolution
		Debug|Any CPU = Debug|Any CPU
		Release|Any CPU = Release|Any CPU
	EndGlobalSection
	GlobalSection(ProjectConfigurationPlatforms) = postSolution
		{7A1C9332-648E-48EB-AA37-353531877718}.Debug|Any CPU.ActiveCfg = Debug|Any CPU
		{7A1C9332-648E-48EB-AA37-353531877718}.Debug|Any CPU.Build.0 = Debug|Any CPU
		{7A1C9332-648E-48EB-AA37-353531877718}.Release|Any CPU.ActiveCfg = Release|Any CPU
		{7A1C9332-648E-48EB-AA37-353531877718}.Release|Any CPU.Build.0 = Release|Any CPU
	EndGlobalSection
	GlobalSection(SolutionProperties) = preSolution
		HideSolutionNode = FALSE
	EndGlobalSection
	GlobalSection(ExtensibilityGlobals) = postSolution
		SolutionGuid = {5BF872F2-8011-4983-8DE1-1B6D39F16DD1}
	EndGlobalSection
EndGlobal
